# This file is autogenerated, do not edit; changes may be undone by the next 'dep ensure'.


[[projects]]
  branch = "master"
  name = "github.com/pkg/errors"
  packages = ["."]
  revision = "2b3a18b5f0fb6b4f9190549597d3f962c02bc5eb"

[[projects]]
  branch = "master"
  name = "golang.org/x/net"
  packages = ["context","context/ctxhttp"]
  revision = "1087133bc4af3073e18add999345c6ae75918503"

[solve-meta]
  analyzer-name = "dep"
  analyzer-version = 1
  inputs-digest = "c6c371e2cd7fbba67506cc7384f376321ce0ff85891d6cfd9c768d5ac9a8d36f"
  solver-name = "gps-cdcl"
  solver-version = 1
